{
  "name": "@overckd/domain",
  "version": "0.0.0",
  "lockfileVersion": 1,
  "requires": true,
  "dependencies": {
    "@ckapp/math": {
      "version": "0.0.14",
      "resolved": "https://registry.npmjs.org/@ckapp/math/-/math-0.0.14.tgz",
      "integrity": "sha512-lr3OroYun9aHPJU0DnXXbkoRTqNC0MQR67nLZbpET/i0EqCZff3OJLCQEOmizDr5kb/EfKpopNWrKTJ2prNeUw=="
    },
    "@ckapp/rxjs-snafu": {
      "version": "0.0.23",
      "resolved": "https://registry.npmjs.org/@ckapp/rxjs-snafu/-/rxjs-snafu-0.0.23.tgz",
      "integrity": "sha512-O6MC84nTCPov2J4KNAUh3afwJsTPSzuBuqrobt+srs/0wMsncIw2It8l78GvkiveyXDs2pIsgmloxYX1MyDQSw==",
      "requires": {
        "@ckapp/math": "^0.0.14",
        "rxjs": "^6.4.0"
      }
    },
    "rxjs": {
      "version": "6.6.6",
      "resolved": "https://registry.npmjs.org/rxjs/-/rxjs-6.6.6.tgz",
      "integrity": "sha512-/oTwee4N4iWzAMAL9xdGKjkEHmIwupR3oXbQjCKywF1BeFohswF3vZdogbmEF6pZkOsXTzWkrZszrWpQTByYVg==",
      "requires": {
        "tslib": "^1.9.0"
      }
    },
    "tslib": {
      "version": "1.14.1",
      "resolved": "https://registry.npmjs.org/tslib/-/tslib-1.14.1.tgz",
      "integrity": "sha512-Xni35NKzjgMrwevysHTCArtLDpPvye8zV/0E4EyYn43P7/7qvQwPh9BGkHewbMulVntbigmcT7rdX3BNo9wRJg=="
    },
    "typescript": {
      "version": "4.0.5",
      "resolved": "https://registry.npmjs.org/typescript/-/typescript-4.0.5.tgz",
      "integrity": "sha512-ywmr/VrTVCmNTJ6iV2LwIrfG1P+lv6luD8sUJs+2eI9NLGigaN+nUQc13iHqisq7bra9lnmUSYqbJvegraBOPQ==",
      "dev": true
    }
  }
}
